# THIS IS AN AUTOGENERATED FILE. DO NOT EDIT THIS FILE DIRECTLY.
# yarn lockfile v1


"@azure/functions@^1.0.2-beta2":
  version "1.2.3"
  resolved "https://registry.yarnpkg.com/@azure/functions/-/functions-1.2.3.tgz#65765837e7319eedffbf8a971cb2f78d4e043d54"
  integrity sha512-dZITbYPNg6ay6ngcCOjRUh1wDhlFITS0zIkqplyH5KfKEAVPooaoaye5mUFnR+WP9WdGRjlNXyl/y2tgWKHcRg==

async-lock@^1.2.8:
  version "1.2.8"
  resolved "https://registry.yarnpkg.com/async-lock/-/async-lock-1.2.8.tgz#7b02bdfa2de603c0713acecd11184cf97bbc7c4c"
  integrity sha512-G+26B2jc0Gw0EG/WN2M6IczuGepBsfR1+DtqLnyFSH4p2C668qkOCtEkGNVEaaNAVlYwEMazy1+/jnLxltBkIQ==

mkdirp@~1.0.4:
  version "1.0.4"
  resolved "https://registry.yarnpkg.com/mkdirp/-/mkdirp-1.0.4.tgz#3eb5ed62622756d79a5f0e2a221dfebad75c2f7e"
  integrity sha512-vVqVZQyf3WLx2Shd0qJ9xuvqgAyKPLAiqITEtqW0oIUjzo3PePDd6fW9iFz30ef7Ysp/oiWqbhszeGWW2T6Gzw==

node-json-db@^1.3.0:
  version "1.3.0"
  resolved "https://registry.yarnpkg.com/node-json-db/-/node-json-db-1.3.0.tgz#68e04fd06c954f5fd501df172dae92c6d3038903"
  integrity sha512-3IK9KuqfKdK12zFKtzmnD6Y5J9qL0TY0gnnZ5XKpzdhCP019zOxPxGCaH6cmIqiho2ymFgcTMKQeJvYkbBFraQ==
  dependencies:
    mkdirp "~1.0.4"

typescript@^3.3.3:
  version "3.9.9"
  resolved "https://registry.yarnpkg.com/typescript/-/typescript-3.9.9.tgz#e69905c54bc0681d0518bd4d587cc6f2d0b1a674"
  integrity sha512-kdMjTiekY+z/ubJCATUPlRDl39vXYiMV9iyeMuEuXZh2we6zz80uovNN2WlAxmmdE/Z/YQe+EbOEXB5RHEED3w==
