# THIS IS AN AUTOGENERATED FILE. DO NOT EDIT THIS FILE DIRECTLY.
# yarn lockfile v1


"@azure/functions@^1.0.2-beta2":
  version "1.2.3"
  resolved "https://registry.yarnpkg.com/@azure/functions/-/functions-1.2.3.tgz#65765837e7319eedffbf8a971cb2f78d4e043d54"
  integrity sha512-dZITbYPNg6ay6ngcCOjRUh1wDhlFITS0zIkqplyH5KfKEAVPooaoaye5mUFnR+WP9WdGRjlNXyl/y2tgWKHcRg==

"@types/password-hash@^1.2.20":
  version "1.2.20"
  resolved "https://registry.yarnpkg.com/@types/password-hash/-/password-hash-1.2.20.tgz#29149b2a315975254c9c4692eea5cd2ac0992ddf"
  integrity sha512-JyJQu6VWgrLTxrXArOJQ1wBocTRRPjZ2RASPeDhSIVba2e7CZDrOxaipd1k0LwNmcgtwzihEMnhgoxoZe624SQ==

async-lock@^1.2.8:
  version "1.2.8"
  resolved "https://registry.yarnpkg.com/async-lock/-/async-lock-1.2.8.tgz#7b02bdfa2de603c0713acecd11184cf97bbc7c4c"
  integrity sha512-G+26B2jc0Gw0EG/WN2M6IczuGepBsfR1+DtqLnyFSH4p2C668qkOCtEkGNVEaaNAVlYwEMazy1+/jnLxltBkIQ==

mkdirp@~1.0.4:
  version "1.0.4"
  resolved "https://registry.yarnpkg.com/mkdirp/-/mkdirp-1.0.4.tgz#3eb5ed62622756d79a5f0e2a221dfebad75c2f7e"
  integrity sha512-vVqVZQyf3WLx2Shd0qJ9xuvqgAyKPLAiqITEtqW0oIUjzo3PePDd6fW9iFz30ef7Ysp/oiWqbhszeGWW2T6Gzw==

node-json-db@^1.3.0:
  version "1.3.0"
  resolved "https://registry.yarnpkg.com/node-json-db/-/node-json-db-1.3.0.tgz#68e04fd06c954f5fd501df172dae92c6d3038903"
  integrity sha512-3IK9KuqfKdK12zFKtzmnD6Y5J9qL0TY0gnnZ5XKpzdhCP019zOxPxGCaH6cmIqiho2ymFgcTMKQeJvYkbBFraQ==
  dependencies:
    mkdirp "~1.0.4"

password-hash@^1.2.2:
  version "1.2.2"
  resolved "https://registry.yarnpkg.com/password-hash/-/password-hash-1.2.2.tgz#3b451f014de4b2e1ebfa0e5493b9517b1063af1d"
  integrity sha1-O0UfAU3ksuHr+g5Uk7lRexBjrx0=

prettier@^2.2.1:
  version "2.2.1"
  resolved "https://registry.yarnpkg.com/prettier/-/prettier-2.2.1.tgz#795a1a78dd52f073da0cd42b21f9c91381923ff5"
  integrity sha512-PqyhM2yCjg/oKkFPtTGUojv7gnZAoG80ttl45O6x2Ug/rMJw4wcc9k6aaf2hibP7BGVCCM33gZoGjyvt9mm16Q==

typescript@^3.3.3:
  version "3.9.9"
  resolved "https://registry.yarnpkg.com/typescript/-/typescript-3.9.9.tgz#e69905c54bc0681d0518bd4d587cc6f2d0b1a674"
  integrity sha512-kdMjTiekY+z/ubJCATUPlRDl39vXYiMV9iyeMuEuXZh2we6zz80uovNN2WlAxmmdE/Z/YQe+EbOEXB5RHEED3w==

uuid@^8.3.2:
  version "8.3.2"
  resolved "https://registry.yarnpkg.com/uuid/-/uuid-8.3.2.tgz#80d5b5ced271bb9af6c445f21a1a04c606cefbe2"
  integrity sha512-+NYs2QeMWy+GWFOEm9xnn6HCDp0l7QBD7ml8zLUmJ+93Q5NF0NocErnwkTkXVFNiX3/fpC6afS8Dhb/gz7R7eg==
